// !$*UTF8*$!
{
	archiveVersion = 1;
	classes = {
	};
	objectVersion = 46;
	objects = {

/* Begin PBXBuildFile section */
		15418D181FFC151800A0E8DB /* AppDelegate.swift in Sources */ = {isa = PBXBuildFile; fileRef = 15418D171FFC151800A0E8DB /* AppDelegate.swift */; };
		15418D1A1FFC151800A0E8DB /* ViewController.swift in Sources */ = {isa = PBXBuildFile; fileRef = 15418D191FFC151800A0E8DB /* ViewController.swift */; };
		15418D1D1FFC151800A0E8DB /* Main.storyboard in Resources */ = {isa = PBXBuildFile; fileRef = 15418D1B1FFC151800A0E8DB /* Main.storyboard */; };
		15418D1F1FFC151800A0E8DB /* Assets.xcassets in Resources */ = {isa = PBXBuildFile; fileRef = 15418D1E1FFC151800A0E8DB /* Assets.xcassets */; };
		15418D221FFC151800A0E8DB /* LaunchScreen.storyboard in Resources */ = {isa = PBXBuildFile; fileRef = 15418D201FFC151800A0E8DB /* LaunchScreen.storyboard */; };
/* End PBXBuildFile section */

/* Begin PBXFileReference section */
		15418D141FFC151800A0E8DB /* SwiftDemoProject.app */ = {isa = PBXFileReference; explicitFileType = wrapper.application; includeInIndex = 0; path = SwiftDemoProject.app; sourceTree = BUILT_PRODUCTS_DIR; };
		15418D171FFC151800A0E8DB /* AppDelegate.swift */ = {isa = PBXFileReference; lastKnownFileType = sourcecode.swift; path = AppDelegate.swift; sourceTree = "<group>"; };
		15418D191FFC151800A0E8DB /* ViewController.swift */ = {isa = PBXFileReference; lastKnownFileType = sourcecode.swift; path = ViewController.swift; sourceTree = "<group>"; };
		15418D1C1FFC151800A0E8DB /* Base */ = {isa = PBXFileReference; lastKnownFileType = file.storyboard; name = Base; path = Base.lproj/Main.storyboard; sourceTree = "<group>"; };
		15418D1E1FFC151800A0E8DB /* Assets.xcassets */ = {isa = PBXFileReference; lastKnownFileType = folder.assetcatalog; path = Assets.xcassets; sourceTree = "<group>"; };
		15418D211FFC151800A0E8DB /* Base */ = {isa = PBXFileReference; lastKnownFileType = file.storyboard; name = Base; path = Base.lproj/LaunchScreen.storyboard; sourceTree = "<group>"; };
		15418D231FFC151800A0E8DB /* Info.plist */ = {isa = PBXFileReference; lastKnownFileType = text.plist.xml; path = Info.plist; sourceTree = "<group>"; };
/* End PBXFileReference section */

/* Begin PBXFrameworksBuildPhase section */
		15418D111FFC151800A0E8DB /* Frameworks */ = {
			isa = PBXFrameworksBuildPhase;
			buildActionMask = 2147483647;
			files = (
			);
			runOnlyForDeploymentPostprocessing = 0;
		};
/* End PBXFrameworksBuildPhase section */

/* Begin PBXGroup section */
		15418D0B1FFC151800A0E8DB = {
			isa = PBXGroup;
			children = (
				15418D161FFC151800A0E8DB /* SwiftDemoProject */,
				15418D151FFC151800A0E8DB /* Products */,
			);
			sourceTree = "<group>";
		};
		15418D151FFC151800A0E8DB /* Products */ = {
			isa = PBXGroup;
			children = (
				15418D141FFC151800A0E8DB /* SwiftDemoProject.app */,
			);
			name = Products;
			sourceTree = "<group>";
		};
		15418D161FFC151800A0E8DB /* SwiftDemoProject */ = {
			isa = PBXGroup;
			children = (
				15418D171FFC151800A0E8DB /* AppDelegate.swift */,
				15418D191FFC151800A0E8DB /* ViewController.swift */,
				15418D1B1FFC151800A0E8DB /* Main.storyboard */,
				15418D1E1FFC151800A0E8DB /* Assets.xcassets */,
				15418D201FFC151800A0E8DB /* LaunchScreen.storyboard */,
				15418D231FFC151800A0E8DB /* Info.plist */,
			);
			path = SwiftDemoProject;
			sourceTree = "<group>";
		};
/* End PBXGroup section */

/* Begin PBXNativeTarget section */
		15418D131FFC151800A0E8DB /* SwiftDemoProject */ = {
			isa = PBXNativeTarget;
			buildConfigurationList = 15418D261FFC151800A0E8DB /* Build configuration list for PBXNativeTarget "SwiftDemoProject" */;
			buildPhases = (
				15418D101FFC151800A0E8DB /* Sources */,
				15418D111FFC151800A0E8DB /* Frameworks */,
				15418D121FFC151800A0E8DB /* Resources */,
			);
			buildRules = (
			);
			dependencies = (
			);
			name = SwiftDemoProject;
			productName = SwiftDemoProject;
			productReference = 15418D141FFC151800A0E8DB /* SwiftDemoProject.app */;
			productType = "com.apple.product-type.application";
		};
/* End PBXNativeTarget section */

/* Begin PBXProject section */
		15418D0C1FFC151800A0E8DB /* Project object */ = {
			isa = PBXProject;
			attributes = {
				LastSwiftUpdateCheck = 0830;
				LastUpgradeCheck = 0830;
				ORGANIZATIONNAME = Page;
				TargetAttributes = {
					15418D131FFC151800A0E8DB = {
						CreatedOnToolsVersion = 8.3.2;
						ProvisioningStyle = Automatic;
					};
				};
			};
			buildConfigurationList = 15418D0F1FFC151800A0E8DB /* Build configuration list for PBXProject "SwiftDemoProject" */;
			compatibilityVersion = "Xcode 3.2";
			developmentRegion = English;
			hasScannedForEncodings = 0;
			knownRegions = (
				en,
				Base,
			);
			mainGroup = 15418D0B1FFC151800A0E8DB;
			productRefGroup = 15418D151FFC151800A0E8DB /* Products */;
			projectDirPath = "";
			projectRoot = "";
			targets = (
				15418D131FFC151800A0E8DB /* SwiftDemoProject */,
			);
		};
/* End PBXProject section */

/* Begin PBXResourcesBuildPhase section */
		15418D121FFC151800A0E8DB /* Resources */ = {
			isa = PBXResourcesBuildPhase;
			buildActionMask = 2147483647;
			files = (
				15418D221FFC151800A0E8DB /* LaunchScreen.storyboard in Resources */,
				15418D1F1FFC151800A0E8DB /* Assets.xcassets in Resources */,
				15418D1D1FFC151800A0E8DB /* Main.storyboard in Resources */,
			);
			runOnlyForDeploymentPostprocessing = 0;
		};
/* End PBXResourcesBuildPhase section */

/* Begin PBXSourcesBuildPhase section */
		15418D101FFC151800A0E8DB /* Sources */ = {
			isa = PBXSourcesBuildPhase;
			buildActionMask = 2147483647;
			files = (
				15418D1A1FFC151800A0E8DB /* ViewController.swift in Sources */,
				15418D181FFC151800A0E8DB /* AppDelegate.swift in Sources */,
			);
			runOnlyForDeploymentPostprocessing = 0;
		};
/* End PBXSourcesBuildPhase section */

/* Begin PBXVariantGroup section */
		15418D1B1FFC151800A0E8DB /* Main.storyboard */ = {
			isa = PBXVariantGroup;
			children = (
				15418D1C1FFC151800A0E8DB /* Base */,
			);
			name = Main.storyboard;
			sourceTree = "<group>";
		};
		15418D201FFC151800A0E8DB /* LaunchScreen.storyboard */ = {
			isa = PBXVariantGroup;
			children = (
				15418D211FFC151800A0E8DB /* Base */,
			);
			name = LaunchScreen.storyboard;
			sourceTree = "<group>";
		};
/* End PBXVariantGroup section */

/* Begin XCBuildConfiguration section */
		15418D241FFC151800A0E8DB /* Debug */ = {
			isa = XCBuildConfiguration;
			buildSettings = {
				ALWAYS_SEARCH_USER_PATHS = NO;
				CLANG_ANALYZER_NONNULL = YES;
				CLANG_ANALYZER_NUMBER_OBJECT_CONVERSION = YES_AGGRESSIVE;
				CLANG_CXX_LANGUAGE_STANDARD = "gnu++0x";
				CLANG_CXX_LIBRARY = "libc++";
				CLANG_ENABLE_MODULES = YES;
				CLANG_ENABLE_OBJC_ARC = YES;
				CLANG_WARN_BOOL_CONVERSION = YES;
				CLANG_WARN_CONSTANT_CONVERSION = YES;
				CLANG_WARN_DIRECT_OBJC_ISA_USAGE = YES_ERROR;
				CLANG_WARN_DOCUMENTATION_COMMENTS = YES;
				CLANG_WARN_EMPTY_BODY = YES;
				CLANG_WARN_ENUM_CONVERSION = YES;
				CLANG_WARN_INFINITE_RECURSION = YES;
				CLANG_WARN_INT_CONVERSION = YES;
				CLANG_WARN_OBJC_ROOT_CLASS = YES_ERROR;
				CLANG_WARN_SUSPICIOUS_MOVE = YES;
				CLANG_WARN_UNREACHABLE_CODE = YES;
				CLANG_WARN__DUPLICATE_METHOD_MATCH = YES;
				"CODE_SIGN_IDENTITY[sdk=iphoneos*]" = "iPhone Developer";
				COPY_PHASE_STRIP = NO;
				DEBUG_INFORMATION_FORMAT = dwarf;
				ENABLE_STRICT_OBJC_MSGSEND = YES;
				ENABLE_TESTABILITY = YES;
				GCC_C_LANGUAGE_STANDARD = gnu99;
				GCC_DYNAMIC_NO_PIC = NO;
				GCC_NO_COMMON_BLOCKS = YES;
				GCC_OPTIMIZATION_LEVEL = 0;
				GCC_PREPROCESSOR_DEFINITIONS = (
					"DEBUG=1",
					"$(inherited)",
				);
				GCC_WARN_64_TO_32_BIT_CONVERSION = YES;
				GCC_WARN_ABOUT_RETURN_TYPE = YES_ERROR;
				GCC_WARN_UNDECLARED_SELECTOR = YES;
				GCC_WARN_UNINITIALIZED_AUTOS = YES_AGGRESSIVE;
				GCC_WARN_UNUSED_FUNCTION = YES;
				GCC_WARN_UNUSED_VARIABLE = YES;
				IPHONEOS_DEPLOYMENT_TARGET = 10.3;
				MTL_ENABLE_DEBUG_INFO = YES;
				ONLY_ACTIVE_ARCH = YES;
				SDKROOT = iphoneos;
				SWIFT_ACTIVE_COMPILATION_CONDITIONS = DEBUG;
				SWIFT_OPTIMIZATION_LEVEL = "-Onone";
			};
			name = Debug;
		};
		15418D251FFC151800A0E8DB /* Release */ = {
			isa = XCBuildConfiguration;
			buildSettings = {
				ALWAYS_SEARCH_USER_PATHS = NO;
				CLANG_ANALYZER_NONNULL = YES;
				CLANG_ANALYZER_NUMBER_OBJECT_CONVERSION = YES_AGGRESSIVE;
				CLANG_CXX_LANGUAGE_STANDARD = "gnu++0x";
				CLANG_CXX_LIBRARY = "libc++";
				CLANG_ENABLE_MODULES = YES;
				CLANG_ENABLE_OBJC_ARC = YES;
				CLANG_WARN_BOOL_CONVERSION = YES;
				CLANG_WARN_CONSTANT_CONVERSION = YES;
				CLANG_WARN_DIRECT_OBJC_ISA_USAGE = YES_ERROR;
				CLANG_WARN_DOCUMENTATION_COMMENTS = YES;
				CLANG_WARN_EMPTY_BODY = YES;
				CLANG_WARN_ENUM_CONVERSION = YES;
				CLANG_WARN_INFINITE_RECURSION = YES;
				CLANG_WARN_INT_CONVERSION = YES;
				CLANG_WARN_OBJC_ROOT_CLASS = YES_ERROR;
				CLANG_WARN_SUSPICIOUS_MOVE = YES;
				CLANG_WARN_UNREACHABLE_CODE = YES;
				CLANG_WARN__DUPLICATE_METHOD_MATCH = YES;
				"CODE_SIGN_IDENTITY[sdk=iphoneos*]" = "iPhone Developer";
				COPY_PHASE_STRIP = NO;
				DEBUG_INFORMATION_FORMAT = "dwarf-with-dsym";
				ENABLE_NS_ASSERTIONS = NO;
				ENABLE_STRICT_OBJC_MSGSEND = YES;
				GCC_C_LANGUAGE_STANDARD = gnu99;
				GCC_NO_COMMON_BLOCKS = YES;
				GCC_WARN_64_TO_32_BIT_CONVERSION = YES;
				GCC_WARN_ABOUT_RETURN_TYPE = YES_ERROR;
				GCC_WARN_UNDECLARED_SELECTOR = YES;
				GCC_WARN_UNINITIALIZED_AUTOS = YES_AGGRESSIVE;
				GCC_WARN_UNUSED_FUNCTION = YES;
				GCC_WARN_UNUSED_VARIABLE = YES;
				IPHONEOS_DEPLOYMENT_TARGET = 10.3;
				MTL_ENABLE_DEBUG_INFO = NO;
				SDKROOT = iphoneos;
				SWIFT_OPTIMIZATION_LEVEL = "-Owholemodule";
				VALIDATE_PRODUCT = YES;
			};
			name = Release;
		};
		15418D271FFC151800A0E8DB /* Debug */ = {
			isa = XCBuildConfiguration;
			buildSettings = {
				ASSETCATALOG_COMPILER_APPICON_NAME = AppIcon;
				INFOPLIST_FILE = SwiftDemoProject/Info.plist;
				LD_RUNPATH_SEARCH_PATHS = "$(inherited) @executable_path/Frameworks";
				PRODUCT_BUNDLE_IDENTIFIER = com.helloworld.SwiftDemoProject;
				PRODUCT_NAME = "$(TARGET_NAME)";
				SWIFT_VERSION = 3.0;
			};
			name = Debug;
		};
		15418D281FFC151800A0E8DB /* Release */ = {
			isa = XCBuildConfiguration;
			buildSettings = {
				ASSETCATALOG_COMPILER_APPICON_NAME = AppIcon;
				INFOPLIST_FILE = SwiftDemoProject/Info.plist;
				LD_RUNPATH_SEARCH_PATHS = "$(inherited) @executable_path/Frameworks";
				PRODUCT_BUNDLE_IDENTIFIER = com.helloworld.SwiftDemoProject;
				PRODUCT_NAME = "$(TARGET_NAME)";
				SWIFT_VERSION = 3.0;
			};
			name = Release;
		};
/* End XCBuildConfiguration section */

/* Begin XCConfigurationList section */
		15418D0F1FFC151800A0E8DB /* Build configuration list for PBXProject "SwiftDemoProject" */ = {
			isa = XCConfigurationList;
			buildConfigurations = (
				15418D241FFC151800A0E8DB /* Debug */,
				15418D251FFC151800A0E8DB /* Release */,
			);
			defaultConfigurationIsVisible = 0;
			defaultConfigurationName = Release;
		};
		15418D261FFC151800A0E8DB /* Build configuration list for PBXNativeTarget "SwiftDemoProject" */ = {
			isa = XCConfigurationList;
			buildConfigurations = (
				15418D271FFC151800A0E8DB /* Debug */,
				15418D281FFC151800A0E8DB /* Release */,
			);
			defaultConfigurationIsVisible = 0;
		};
/* End XCConfigurationList section */
	};
	rootObject = 15418D0C1FFC151800A0E8DB /* Project object */;
}
